
Microsoft Visual Studio Solution File, Format Version 12.00
Project("{FAE04EC0-301F-11D3-BF4B-00C04F79EFBC}") = "fNbt", "fNbt\fNbt.csproj", "{621BED0E-2D72-40F5-8834-2AB2C5D72304}"
EndProject
Project("{FAE04EC0-301F-11D3-BF4B-00C04F79EFBC}") = "WorldsMergerCli", "WorldsMergerCli\WorldsMergerCli.csproj", "{12250218-BB7E-46A1-82B9-798FE3FC63CD}"
EndProject
Global
	GlobalSection(SolutionConfigurationPlatforms) = preSolution
		Debug|Any CPU = Debug|Any CPU
		Release|Any CPU = Release|Any CPU
	EndGlobalSection
	GlobalSection(ProjectConfigurationPlatforms) = postSolution
		{621BED0E-2D72-40F5-8834-2AB2C5D72304}.Release|Any CPU.ActiveCfg = Release|Any CPU
		{621BED0E-2D72-40F5-8834-2AB2C5D72304}.Release|Any CPU.Build.0 = Release|Any CPU
		{621BED0E-2D72-40F5-8834-2AB2C5D72304}.Debug|Any CPU.ActiveCfg = Debug|Any CPU
		{621BED0E-2D72-40F5-8834-2AB2C5D72304}.Debug|Any CPU.Build.0 = Debug|Any CPU
		{12250218-BB7E-46A1-82B9-798FE3FC63CD}.Release|Any CPU.ActiveCfg = Release|Any CPU
		{12250218-BB7E-46A1-82B9-798FE3FC63CD}.Release|Any CPU.Build.0 = Release|Any CPU
		{12250218-BB7E-46A1-82B9-798FE3FC63CD}.Debug|Any CPU.ActiveCfg = Debug|Any CPU
		{12250218-BB7E-46A1-82B9-798FE3FC63CD}.Debug|Any CPU.Build.0 = Debug|Any CPU
	EndGlobalSection
EndGlobal
